// !$*UTF8*$!
{
	archiveVersion = 1;
	classes = {
	};
	objectVersion = 51;
	objects = {

/* Begin PBXBuildFile section */
		4E14AFD023AC47DB006F973F /* AppDelegate.swift in Sources */ = {isa = PBXBuildFile; fileRef = 4E14AFCF23AC47DB006F973F /* AppDelegate.swift */; };
		4E14AFD923AC47DC006F973F /* Assets.xcassets in Resources */ = {isa = PBXBuildFile; fileRef = 4E14AFD823AC47DC006F973F /* Assets.xcassets */; };
		4E14AFDC23AC47DC006F973F /* LaunchScreen.storyboard in Resources */ = {isa = PBXBuildFile; fileRef = 4E14AFDA23AC47DC006F973F /* LaunchScreen.storyboard */; };
		4E14AFE723AC47DC006F973F /* MovieDBTests.swift in Sources */ = {isa = PBXBuildFile; fileRef = 4E14AFE623AC47DC006F973F /* MovieDBTests.swift */; };
		4E14B00723AC4DBE006F973F /* MoviesCoordinator.swift in Sources */ = {isa = PBXBuildFile; fileRef = 4E14B00623AC4DBE006F973F /* MoviesCoordinator.swift */; };
		4E14B00923AC4DC9006F973F /* MoviesViewModel.swift in Sources */ = {isa = PBXBuildFile; fileRef = 4E14B00823AC4DC9006F973F /* MoviesViewModel.swift */; };
		4E14B00C23AC4DDD006F973F /* MoviesViewController.swift in Sources */ = {isa = PBXBuildFile; fileRef = 4E14B00A23AC4DDD006F973F /* MoviesViewController.swift */; };
		4E14B00D23AC4DDD006F973F /* MoviesViewController.xib in Resources */ = {isa = PBXBuildFile; fileRef = 4E14B00B23AC4DDD006F973F /* MoviesViewController.xib */; };
		4E14B01023AC4DFB006F973F /* AppCoordinator.swift in Sources */ = {isa = PBXBuildFile; fileRef = 4E14B00F23AC4DFB006F973F /* AppCoordinator.swift */; };
		4E14B01223AC4F1A006F973F /* Coordinator.swift in Sources */ = {isa = PBXBuildFile; fileRef = 4E14B01123AC4F1A006F973F /* Coordinator.swift */; };
		4E14B01723ACF8A8006F973F /* MovieDetailCoordinator.swift in Sources */ = {isa = PBXBuildFile; fileRef = 4E14B01623ACF8A8006F973F /* MovieDetailCoordinator.swift */; };
		4E14B01923ACFBED006F973F /* MovieDetailViewModel.swift in Sources */ = {isa = PBXBuildFile; fileRef = 4E14B01823ACFBED006F973F /* MovieDetailViewModel.swift */; };
		4E14B01C23ACFBFA006F973F /* MovieDetailViewController.swift in Sources */ = {isa = PBXBuildFile; fileRef = 4E14B01A23ACFBFA006F973F /* MovieDetailViewController.swift */; };
		4E14B01D23ACFBFA006F973F /* MovieDetailViewController.xib in Resources */ = {isa = PBXBuildFile; fileRef = 4E14B01B23ACFBFA006F973F /* MovieDetailViewController.xib */; };
		4E14B02023AD013F006F973F /* MoviesInteractor.swift in Sources */ = {isa = PBXBuildFile; fileRef = 4E14B01F23AD013E006F973F /* MoviesInteractor.swift */; };
		4E14B02E23AD14E2006F973F /* Movie.swift in Sources */ = {isa = PBXBuildFile; fileRef = 4E14B02D23AD14E2006F973F /* Movie.swift */; };
		4E14B03623AD2C37006F973F /* URLRequest+Extensions.swift in Sources */ = {isa = PBXBuildFile; fileRef = 4E14B03523AD2C37006F973F /* URLRequest+Extensions.swift */; };
		4E14B03823AD2D0A006F973F /* API.swift in Sources */ = {isa = PBXBuildFile; fileRef = 4E14B03723AD2D0A006F973F /* API.swift */; };
		68BE6351582881BC853055AE /* Pods_MovieDB.framework in Frameworks */ = {isa = PBXBuildFile; fileRef = 5267C28676E5488AE7430166 /* Pods_MovieDB.framework */; };
/* End PBXBuildFile section */

/* Begin PBXContainerItemProxy section */
		4E14AFE323AC47DC006F973F /* PBXContainerItemProxy */ = {
			isa = PBXContainerItemProxy;
			containerPortal = 4E14AFC423AC47DB006F973F /* Project object */;
			proxyType = 1;
			remoteGlobalIDString = 4E14AFCB23AC47DB006F973F;
			remoteInfo = MovieDB;
		};
/* End PBXContainerItemProxy section */

/* Begin PBXFileReference section */
		4E14AFCC23AC47DB006F973F /* MovieDB.app */ = {isa = PBXFileReference; explicitFileType = wrapper.application; includeInIndex = 0; path = MovieDB.app; sourceTree = BUILT_PRODUCTS_DIR; };
		4E14AFCF23AC47DB006F973F /* AppDelegate.swift */ = {isa = PBXFileReference; lastKnownFileType = sourcecode.swift; path = AppDelegate.swift; sourceTree = "<group>"; };
		4E14AFD823AC47DC006F973F /* Assets.xcassets */ = {isa = PBXFileReference; lastKnownFileType = folder.assetcatalog; path = Assets.xcassets; sourceTree = "<group>"; };
		4E14AFDB23AC47DC006F973F /* Base */ = {isa = PBXFileReference; lastKnownFileType = file.storyboard; name = Base; path = Base.lproj/LaunchScreen.storyboard; sourceTree = "<group>"; };
		4E14AFDD23AC47DC006F973F /* Info.plist */ = {isa = PBXFileReference; lastKnownFileType = text.plist.xml; path = Info.plist; sourceTree = "<group>"; };
		4E14AFE223AC47DC006F973F /* MovieDBTests.xctest */ = {isa = PBXFileReference; explicitFileType = wrapper.cfbundle; includeInIndex = 0; path = MovieDBTests.xctest; sourceTree = BUILT_PRODUCTS_DIR; };
		4E14AFE623AC47DC006F973F /* MovieDBTests.swift */ = {isa = PBXFileReference; lastKnownFileType = sourcecode.swift; path = MovieDBTests.swift; sourceTree = "<group>"; };
		4E14AFE823AC47DC006F973F /* Info.plist */ = {isa = PBXFileReference; lastKnownFileType = text.plist.xml; path = Info.plist; sourceTree = "<group>"; };
		4E14B00623AC4DBE006F973F /* MoviesCoordinator.swift */ = {isa = PBXFileReference; lastKnownFileType = sourcecode.swift; path = MoviesCoordinator.swift; sourceTree = "<group>"; };
		4E14B00823AC4DC9006F973F /* MoviesViewModel.swift */ = {isa = PBXFileReference; lastKnownFileType = sourcecode.swift; path = MoviesViewModel.swift; sourceTree = "<group>"; };
		4E14B00A23AC4DDD006F973F /* MoviesViewController.swift */ = {isa = PBXFileReference; lastKnownFileType = sourcecode.swift; path = MoviesViewController.swift; sourceTree = "<group>"; };
		4E14B00B23AC4DDD006F973F /* MoviesViewController.xib */ = {isa = PBXFileReference; lastKnownFileType = file.xib; path = MoviesViewController.xib; sourceTree = "<group>"; };
		4E14B00F23AC4DFB006F973F /* AppCoordinator.swift */ = {isa = PBXFileReference; lastKnownFileType = sourcecode.swift; path = AppCoordinator.swift; sourceTree = "<group>"; };
		4E14B01123AC4F1A006F973F /* Coordinator.swift */ = {isa = PBXFileReference; lastKnownFileType = sourcecode.swift; path = Coordinator.swift; sourceTree = "<group>"; };
		4E14B01623ACF8A8006F973F /* MovieDetailCoordinator.swift */ = {isa = PBXFileReference; lastKnownFileType = sourcecode.swift; path = MovieDetailCoordinator.swift; sourceTree = "<group>"; };
		4E14B01823ACFBED006F973F /* MovieDetailViewModel.swift */ = {isa = PBXFileReference; lastKnownFileType = sourcecode.swift; path = MovieDetailViewModel.swift; sourceTree = "<group>"; };
		4E14B01A23ACFBFA006F973F /* MovieDetailViewController.swift */ = {isa = PBXFileReference; lastKnownFileType = sourcecode.swift; path = MovieDetailViewController.swift; sourceTree = "<group>"; };
		4E14B01B23ACFBFA006F973F /* MovieDetailViewController.xib */ = {isa = PBXFileReference; lastKnownFileType = file.xib; path = MovieDetailViewController.xib; sourceTree = "<group>"; };
		4E14B01F23AD013E006F973F /* MoviesInteractor.swift */ = {isa = PBXFileReference; lastKnownFileType = sourcecode.swift; path = MoviesInteractor.swift; sourceTree = "<group>"; };
		4E14B02D23AD14E2006F973F /* Movie.swift */ = {isa = PBXFileReference; lastKnownFileType = sourcecode.swift; path = Movie.swift; sourceTree = "<group>"; };
		4E14B03523AD2C37006F973F /* URLRequest+Extensions.swift */ = {isa = PBXFileReference; lastKnownFileType = sourcecode.swift; path = "URLRequest+Extensions.swift"; sourceTree = "<group>"; };
		4E14B03723AD2D0A006F973F /* API.swift */ = {isa = PBXFileReference; lastKnownFileType = sourcecode.swift; path = API.swift; sourceTree = "<group>"; };
		5267C28676E5488AE7430166 /* Pods_MovieDB.framework */ = {isa = PBXFileReference; explicitFileType = wrapper.framework; includeInIndex = 0; path = Pods_MovieDB.framework; sourceTree = BUILT_PRODUCTS_DIR; };
		ACCED4A24FEA956694A8A8F2 /* Pods-MovieDB.debug.xcconfig */ = {isa = PBXFileReference; includeInIndex = 1; lastKnownFileType = text.xcconfig; name = "Pods-MovieDB.debug.xcconfig"; path = "Target Support Files/Pods-MovieDB/Pods-MovieDB.debug.xcconfig"; sourceTree = "<group>"; };
		DA53B9C06F5E06077785158F /* Pods-MovieDB.release.xcconfig */ = {isa = PBXFileReference; includeInIndex = 1; lastKnownFileType = text.xcconfig; name = "Pods-MovieDB.release.xcconfig"; path = "Target Support Files/Pods-MovieDB/Pods-MovieDB.release.xcconfig"; sourceTree = "<group>"; };
/* End PBXFileReference section */

/* Begin PBXFrameworksBuildPhase section */
		4E14AFC923AC47DB006F973F /* Frameworks */ = {
			isa = PBXFrameworksBuildPhase;
			buildActionMask = 2147483647;
			files = (
				68BE6351582881BC853055AE /* Pods_MovieDB.framework in Frameworks */,
			);
			runOnlyForDeploymentPostprocessing = 0;
		};
		4E14AFDF23AC47DC006F973F /* Frameworks */ = {
			isa = PBXFrameworksBuildPhase;
			buildActionMask = 2147483647;
			files = (
			);
			runOnlyForDeploymentPostprocessing = 0;
		};
/* End PBXFrameworksBuildPhase section */

/* Begin PBXGroup section */
		152970F6CCB33D33E681F9A8 /* Frameworks */ = {
			isa = PBXGroup;
			children = (
				5267C28676E5488AE7430166 /* Pods_MovieDB.framework */,
			);
			name = Frameworks;
			sourceTree = "<group>";
		};
		4E14AFC323AC47DB006F973F = {
			isa = PBXGroup;
			children = (
				4E14AFCE23AC47DB006F973F /* MovieDB */,
				4E14AFE523AC47DC006F973F /* MovieDBTests */,
				4E14AFCD23AC47DB006F973F /* Products */,
				FF638B070F6C51F59288F9F0 /* Pods */,
				152970F6CCB33D33E681F9A8 /* Frameworks */,
			);
			sourceTree = "<group>";
		};
		4E14AFCD23AC47DB006F973F /* Products */ = {
			isa = PBXGroup;
			children = (
				4E14AFCC23AC47DB006F973F /* MovieDB.app */,
				4E14AFE223AC47DC006F973F /* MovieDBTests.xctest */,
			);
			name = Products;
			sourceTree = "<group>";
		};
		4E14AFCE23AC47DB006F973F /* MovieDB */ = {
			isa = PBXGroup;
			children = (
				4E14B03423AD2C1F006F973F /* Extensions */,
				4E14B02C23AD14D7006F973F /* Models */,
				4E14B00423AC4D50006F973F /* Modules */,
				4E14B00123AC4D1D006F973F /* Application */,
				4E14B00223AC4D34006F973F /* Resources */,
				4E14AFDA23AC47DC006F973F /* LaunchScreen.storyboard */,
			);
			path = MovieDB;
			sourceTree = "<group>";
		};
		4E14AFE523AC47DC006F973F /* MovieDBTests */ = {
			isa = PBXGroup;
			children = (
				4E14AFE623AC47DC006F973F /* MovieDBTests.swift */,
				4E14AFE823AC47DC006F973F /* Info.plist */,
			);
			path = MovieDBTests;
			sourceTree = "<group>";
		};
		4E14B00123AC4D1D006F973F /* Application */ = {
			isa = PBXGroup;
			children = (
				4E14AFCF23AC47DB006F973F /* AppDelegate.swift */,
				4E14B00F23AC4DFB006F973F /* AppCoordinator.swift */,
				4E14B01123AC4F1A006F973F /* Coordinator.swift */,
				4E14AFDD23AC47DC006F973F /* Info.plist */,
			);
			path = Application;
			sourceTree = "<group>";
		};
		4E14B00223AC4D34006F973F /* Resources */ = {
			isa = PBXGroup;
			children = (
				4E14AFD823AC47DC006F973F /* Assets.xcassets */,
			);
			path = Resources;
			sourceTree = "<group>";
		};
		4E14B00423AC4D50006F973F /* Modules */ = {
			isa = PBXGroup;
			children = (
				4E14B02F23AD1587006F973F /* Network */,
				4E14B00523AC4D56006F973F /* Movies */,
				4E14B01523ACF893006F973F /* MovieDetail */,
			);
			path = Modules;
			sourceTree = "<group>";
		};
		4E14B00523AC4D56006F973F /* Movies */ = {
			isa = PBXGroup;
			children = (
				4E14B00623AC4DBE006F973F /* MoviesCoordinator.swift */,
				4E14B00823AC4DC9006F973F /* MoviesViewModel.swift */,
				4E14B00A23AC4DDD006F973F /* MoviesViewController.swift */,
				4E14B00B23AC4DDD006F973F /* MoviesViewController.xib */,
				4E14B01F23AD013E006F973F /* MoviesInteractor.swift */,
			);
			path = Movies;
			sourceTree = "<group>";
		};
		4E14B01523ACF893006F973F /* MovieDetail */ = {
			isa = PBXGroup;
			children = (
				4E14B01623ACF8A8006F973F /* MovieDetailCoordinator.swift */,
				4E14B01823ACFBED006F973F /* MovieDetailViewModel.swift */,
				4E14B01A23ACFBFA006F973F /* MovieDetailViewController.swift */,
				4E14B01B23ACFBFA006F973F /* MovieDetailViewController.xib */,
			);
			path = MovieDetail;
			sourceTree = "<group>";
		};
		4E14B02C23AD14D7006F973F /* Models */ = {
			isa = PBXGroup;
			children = (
				4E14B02D23AD14E2006F973F /* Movie.swift */,
			);
			path = Models;
			sourceTree = "<group>";
		};
		4E14B02F23AD1587006F973F /* Network */ = {
			isa = PBXGroup;
			children = (
				4E14B03723AD2D0A006F973F /* API.swift */,
			);
			path = Network;
			sourceTree = "<group>";
		};
		4E14B03423AD2C1F006F973F /* Extensions */ = {
			isa = PBXGroup;
			children = (
				4E14B03523AD2C37006F973F /* URLRequest+Extensions.swift */,
			);
			path = Extensions;
			sourceTree = "<group>";
		};
		FF638B070F6C51F59288F9F0 /* Pods */ = {
			isa = PBXGroup;
			children = (
				ACCED4A24FEA956694A8A8F2 /* Pods-MovieDB.debug.xcconfig */,
				DA53B9C06F5E06077785158F /* Pods-MovieDB.release.xcconfig */,
			);
			path = Pods;
			sourceTree = "<group>";
		};
/* End PBXGroup section */

/* Begin PBXNativeTarget section */
		4E14AFCB23AC47DB006F973F /* MovieDB */ = {
			isa = PBXNativeTarget;
			buildConfigurationList = 4E14AFEB23AC47DC006F973F /* Build configuration list for PBXNativeTarget "MovieDB" */;
			buildPhases = (
				F7BDDE7ED2B024760DC5E952 /* [CP] Check Pods Manifest.lock */,
				4E14AFC823AC47DB006F973F /* Sources */,
				4E14AFC923AC47DB006F973F /* Frameworks */,
				4E14AFCA23AC47DB006F973F /* Resources */,
				CD8AC648D31DF05D1C22EF02 /* [CP] Embed Pods Frameworks */,
			);
			buildRules = (
			);
			dependencies = (
			);
			name = MovieDB;
			productName = MovieDB;
			productReference = 4E14AFCC23AC47DB006F973F /* MovieDB.app */;
			productType = "com.apple.product-type.application";
		};
		4E14AFE123AC47DC006F973F /* MovieDBTests */ = {
			isa = PBXNativeTarget;
			buildConfigurationList = 4E14AFEE23AC47DC006F973F /* Build configuration list for PBXNativeTarget "MovieDBTests" */;
			buildPhases = (
				4E14AFDE23AC47DC006F973F /* Sources */,
				4E14AFDF23AC47DC006F973F /* Frameworks */,
				4E14AFE023AC47DC006F973F /* Resources */,
			);
			buildRules = (
			);
			dependencies = (
				4E14AFE423AC47DC006F973F /* PBXTargetDependency */,
			);
			name = MovieDBTests;
			productName = MovieDBTests;
			productReference = 4E14AFE223AC47DC006F973F /* MovieDBTests.xctest */;
			productType = "com.apple.product-type.bundle.unit-test";
		};
/* End PBXNativeTarget section */

/* Begin PBXProject section */
		4E14AFC423AC47DB006F973F /* Project object */ = {
			isa = PBXProject;
			attributes = {
				LastSwiftUpdateCheck = 1130;
				LastUpgradeCheck = 1130;
				ORGANIZATIONNAME = "Yris Siqueira da Silva";
				TargetAttributes = {
					4E14AFCB23AC47DB006F973F = {
						CreatedOnToolsVersion = 11.3;
					};
					4E14AFE123AC47DC006F973F = {
						CreatedOnToolsVersion = 11.3;
						TestTargetID = 4E14AFCB23AC47DB006F973F;
					};
				};
			};
			buildConfigurationList = 4E14AFC723AC47DB006F973F /* Build configuration list for PBXProject "MovieDB" */;
			compatibilityVersion = "Xcode 9.3";
			developmentRegion = en;
			hasScannedForEncodings = 0;
			knownRegions = (
				en,
				Base,
			);
			mainGroup = 4E14AFC323AC47DB006F973F;
			productRefGroup = 4E14AFCD23AC47DB006F973F /* Products */;
			projectDirPath = "";
			projectRoot = "";
			targets = (
				4E14AFCB23AC47DB006F973F /* MovieDB */,
				4E14AFE123AC47DC006F973F /* MovieDBTests */,
			);
		};
/* End PBXProject section */

/* Begin PBXResourcesBuildPhase section */
		4E14AFCA23AC47DB006F973F /* Resources */ = {
			isa = PBXResourcesBuildPhase;
			buildActionMask = 2147483647;
			files = (
				4E14B01D23ACFBFA006F973F /* MovieDetailViewController.xib in Resources */,
				4E14AFDC23AC47DC006F973F /* LaunchScreen.storyboard in Resources */,
				4E14AFD923AC47DC006F973F /* Assets.xcassets in Resources */,
				4E14B00D23AC4DDD006F973F /* MoviesViewController.xib in Resources */,
			);
			runOnlyForDeploymentPostprocessing = 0;
		};
		4E14AFE023AC47DC006F973F /* Resources */ = {
			isa = PBXResourcesBuildPhase;
			buildActionMask = 2147483647;
			files = (
			);
			runOnlyForDeploymentPostprocessing = 0;
		};
/* End PBXResourcesBuildPhase section */

/* Begin PBXShellScriptBuildPhase section */
		CD8AC648D31DF05D1C22EF02 /* [CP] Embed Pods Frameworks */ = {
			isa = PBXShellScriptBuildPhase;
			buildActionMask = 2147483647;
			files = (
			);
			inputFileListPaths = (
				"${PODS_ROOT}/Target Support Files/Pods-MovieDB/Pods-MovieDB-frameworks-${CONFIGURATION}-input-files.xcfilelist",
			);
			name = "[CP] Embed Pods Frameworks";
			outputFileListPaths = (
				"${PODS_ROOT}/Target Support Files/Pods-MovieDB/Pods-MovieDB-frameworks-${CONFIGURATION}-output-files.xcfilelist",
			);
			runOnlyForDeploymentPostprocessing = 0;
			shellPath = /bin/sh;
			shellScript = "\"${PODS_ROOT}/Target Support Files/Pods-MovieDB/Pods-MovieDB-frameworks.sh\"\n";
			showEnvVarsInLog = 0;
		};
		F7BDDE7ED2B024760DC5E952 /* [CP] Check Pods Manifest.lock */ = {
			isa = PBXShellScriptBuildPhase;
			buildActionMask = 2147483647;
			files = (
			);
			inputFileListPaths = (
			);
			inputPaths = (
				"${PODS_PODFILE_DIR_PATH}/Podfile.lock",
				"${PODS_ROOT}/Manifest.lock",
			);
			name = "[CP] Check Pods Manifest.lock";
			outputFileListPaths = (
			);
			outputPaths = (
				"$(DERIVED_FILE_DIR)/Pods-MovieDB-checkManifestLockResult.txt",
			);
			runOnlyForDeploymentPostprocessing = 0;
			shellPath = /bin/sh;
			shellScript = "diff \"${PODS_PODFILE_DIR_PATH}/Podfile.lock\" \"${PODS_ROOT}/Manifest.lock\" > /dev/null\nif [ $? != 0 ] ; then\n    # print error to STDERR\n    echo \"error: The sandbox is not in sync with the Podfile.lock. Run 'pod install' or update your CocoaPods installation.\" >&2\n    exit 1\nfi\n# This output is used by Xcode 'outputs' to avoid re-running this script phase.\necho \"SUCCESS\" > \"${SCRIPT_OUTPUT_FILE_0}\"\n";
			showEnvVarsInLog = 0;
		};
/* End PBXShellScriptBuildPhase section */

/* Begin PBXSourcesBuildPhase section */
		4E14AFC823AC47DB006F973F /* Sources */ = {
			isa = PBXSourcesBuildPhase;
			buildActionMask = 2147483647;
			files = (
				4E14B01223AC4F1A006F973F /* Coordinator.swift in Sources */,
				4E14B00723AC4DBE006F973F /* MoviesCoordinator.swift in Sources */,
				4E14AFD023AC47DB006F973F /* AppDelegate.swift in Sources */,
				4E14B02023AD013F006F973F /* MoviesInteractor.swift in Sources */,
				4E14B00923AC4DC9006F973F /* MoviesViewModel.swift in Sources */,
				4E14B02E23AD14E2006F973F /* Movie.swift in Sources */,
				4E14B03823AD2D0A006F973F /* API.swift in Sources */,
				4E14B01923ACFBED006F973F /* MovieDetailViewModel.swift in Sources */,
				4E14B00C23AC4DDD006F973F /* MoviesViewController.swift in Sources */,
				4E14B01023AC4DFB006F973F /* AppCoordinator.swift in Sources */,
				4E14B03623AD2C37006F973F /* URLRequest+Extensions.swift in Sources */,
				4E14B01C23ACFBFA006F973F /* MovieDetailViewController.swift in Sources */,
				4E14B01723ACF8A8006F973F /* MovieDetailCoordinator.swift in Sources */,
			);
			runOnlyForDeploymentPostprocessing = 0;
		};
		4E14AFDE23AC47DC006F973F /* Sources */ = {
			isa = PBXSourcesBuildPhase;
			buildActionMask = 2147483647;
			files = (
				4E14AFE723AC47DC006F973F /* MovieDBTests.swift in Sources */,
			);
			runOnlyForDeploymentPostprocessing = 0;
		};
/* End PBXSourcesBuildPhase section */

/* Begin PBXTargetDependency section */
		4E14AFE423AC47DC006F973F /* PBXTargetDependency */ = {
			isa = PBXTargetDependency;
			target = 4E14AFCB23AC47DB006F973F /* MovieDB */;
			targetProxy = 4E14AFE323AC47DC006F973F /* PBXContainerItemProxy */;
		};
/* End PBXTargetDependency section */

/* Begin PBXVariantGroup section */
		4E14AFDA23AC47DC006F973F /* LaunchScreen.storyboard */ = {
			isa = PBXVariantGroup;
			children = (
				4E14AFDB23AC47DC006F973F /* Base */,
			);
			name = LaunchScreen.storyboard;
			sourceTree = "<group>";
		};
/* End PBXVariantGroup section */

/* Begin XCBuildConfiguration section */
		4E14AFE923AC47DC006F973F /* Debug */ = {
			isa = XCBuildConfiguration;
			buildSettings = {
				ALWAYS_SEARCH_USER_PATHS = NO;
				CLANG_ANALYZER_NONNULL = YES;
				CLANG_ANALYZER_NUMBER_OBJECT_CONVERSION = YES_AGGRESSIVE;
				CLANG_CXX_LANGUAGE_STANDARD = "gnu++14";
				CLANG_CXX_LIBRARY = "libc++";
				CLANG_ENABLE_MODULES = YES;
				CLANG_ENABLE_OBJC_ARC = YES;
				CLANG_ENABLE_OBJC_WEAK = YES;
				CLANG_WARN_BLOCK_CAPTURE_AUTORELEASING = YES;
				CLANG_WARN_BOOL_CONVERSION = YES;
				CLANG_WARN_COMMA = YES;
				CLANG_WARN_CONSTANT_CONVERSION = YES;
				CLANG_WARN_DEPRECATED_OBJC_IMPLEMENTATIONS = YES;
				CLANG_WARN_DIRECT_OBJC_ISA_USAGE = YES_ERROR;
				CLANG_WARN_DOCUMENTATION_COMMENTS = YES;
				CLANG_WARN_EMPTY_BODY = YES;
				CLANG_WARN_ENUM_CONVERSION = YES;
				CLANG_WARN_INFINITE_RECURSION = YES;
				CLANG_WARN_INT_CONVERSION = YES;
				CLANG_WARN_NON_LITERAL_NULL_CONVERSION = YES;
				CLANG_WARN_OBJC_IMPLICIT_RETAIN_SELF = YES;
				CLANG_WARN_OBJC_LITERAL_CONVERSION = YES;
				CLANG_WARN_OBJC_ROOT_CLASS = YES_ERROR;
				CLANG_WARN_RANGE_LOOP_ANALYSIS = YES;
				CLANG_WARN_STRICT_PROTOTYPES = YES;
				CLANG_WARN_SUSPICIOUS_MOVE = YES;
				CLANG_WARN_UNGUARDED_AVAILABILITY = YES_AGGRESSIVE;
				CLANG_WARN_UNREACHABLE_CODE = YES;
				CLANG_WARN__DUPLICATE_METHOD_MATCH = YES;
				COPY_PHASE_STRIP = NO;
				DEBUG_INFORMATION_FORMAT = dwarf;
				ENABLE_STRICT_OBJC_MSGSEND = YES;
				ENABLE_TESTABILITY = YES;
				GCC_C_LANGUAGE_STANDARD = gnu11;
				GCC_DYNAMIC_NO_PIC = NO;
				GCC_NO_COMMON_BLOCKS = YES;
				GCC_OPTIMIZATION_LEVEL = 0;
				GCC_PREPROCESSOR_DEFINITIONS = (
					"DEBUG=1",
					"$(inherited)",
				);
				GCC_WARN_64_TO_32_BIT_CONVERSION = YES;
				GCC_WARN_ABOUT_RETURN_TYPE = YES_ERROR;
				GCC_WARN_UNDECLARED_SELECTOR = YES;
				GCC_WARN_UNINITIALIZED_AUTOS = YES_AGGRESSIVE;
				GCC_WARN_UNUSED_FUNCTION = YES;
				GCC_WARN_UNUSED_VARIABLE = YES;
				IPHONEOS_DEPLOYMENT_TARGET = 13.2;
				MTL_ENABLE_DEBUG_INFO = INCLUDE_SOURCE;
				MTL_FAST_MATH = YES;
				ONLY_ACTIVE_ARCH = YES;
				SDKROOT = iphoneos;
				SWIFT_ACTIVE_COMPILATION_CONDITIONS = DEBUG;
				SWIFT_OPTIMIZATION_LEVEL = "-Onone";
			};
			name = Debug;
		};
		4E14AFEA23AC47DC006F973F /* Release */ = {
			isa = XCBuildConfiguration;
			buildSettings = {
				ALWAYS_SEARCH_USER_PATHS = NO;
				CLANG_ANALYZER_NONNULL = YES;
				CLANG_ANALYZER_NUMBER_OBJECT_CONVERSION = YES_AGGRESSIVE;
				CLANG_CXX_LANGUAGE_STANDARD = "gnu++14";
				CLANG_CXX_LIBRARY = "libc++";
				CLANG_ENABLE_MODULES = YES;
				CLANG_ENABLE_OBJC_ARC = YES;
				CLANG_ENABLE_OBJC_WEAK = YES;
				CLANG_WARN_BLOCK_CAPTURE_AUTORELEASING = YES;
				CLANG_WARN_BOOL_CONVERSION = YES;
				CLANG_WARN_COMMA = YES;
				CLANG_WARN_CONSTANT_CONVERSION = YES;
				CLANG_WARN_DEPRECATED_OBJC_IMPLEMENTATIONS = YES;
				CLANG_WARN_DIRECT_OBJC_ISA_USAGE = YES_ERROR;
				CLANG_WARN_DOCUMENTATION_COMMENTS = YES;
				CLANG_WARN_EMPTY_BODY = YES;
				CLANG_WARN_ENUM_CONVERSION = YES;
				CLANG_WARN_INFINITE_RECURSION = YES;
				CLANG_WARN_INT_CONVERSION = YES;
				CLANG_WARN_NON_LITERAL_NULL_CONVERSION = YES;
				CLANG_WARN_OBJC_IMPLICIT_RETAIN_SELF = YES;
				CLANG_WARN_OBJC_LITERAL_CONVERSION = YES;
				CLANG_WARN_OBJC_ROOT_CLASS = YES_ERROR;
				CLANG_WARN_RANGE_LOOP_ANALYSIS = YES;
				CLANG_WARN_STRICT_PROTOTYPES = YES;
				CLANG_WARN_SUSPICIOUS_MOVE = YES;
				CLANG_WARN_UNGUARDED_AVAILABILITY = YES_AGGRESSIVE;
				CLANG_WARN_UNREACHABLE_CODE = YES;
				CLANG_WARN__DUPLICATE_METHOD_MATCH = YES;
				COPY_PHASE_STRIP = NO;
				DEBUG_INFORMATION_FORMAT = "dwarf-with-dsym";
				ENABLE_NS_ASSERTIONS = NO;
				ENABLE_STRICT_OBJC_MSGSEND = YES;
				GCC_C_LANGUAGE_STANDARD = gnu11;
				GCC_NO_COMMON_BLOCKS = YES;
				GCC_WARN_64_TO_32_BIT_CONVERSION = YES;
				GCC_WARN_ABOUT_RETURN_TYPE = YES_ERROR;
				GCC_WARN_UNDECLARED_SELECTOR = YES;
				GCC_WARN_UNINITIALIZED_AUTOS = YES_AGGRESSIVE;
				GCC_WARN_UNUSED_FUNCTION = YES;
				GCC_WARN_UNUSED_VARIABLE = YES;
				IPHONEOS_DEPLOYMENT_TARGET = 13.2;
				MTL_ENABLE_DEBUG_INFO = NO;
				MTL_FAST_MATH = YES;
				SDKROOT = iphoneos;
				SWIFT_COMPILATION_MODE = wholemodule;
				SWIFT_OPTIMIZATION_LEVEL = "-O";
				VALIDATE_PRODUCT = YES;
			};
			name = Release;
		};
		4E14AFEC23AC47DC006F973F /* Debug */ = {
			isa = XCBuildConfiguration;
			baseConfigurationReference = ACCED4A24FEA956694A8A8F2 /* Pods-MovieDB.debug.xcconfig */;
			buildSettings = {
				ASSETCATALOG_COMPILER_APPICON_NAME = AppIcon;
				CODE_SIGN_STYLE = Automatic;
				DEVELOPMENT_TEAM = 95JV778GN4;
				INFOPLIST_FILE = MovieDB/Application/Info.plist;
				IPHONEOS_DEPLOYMENT_TARGET = 12.0;
				LD_RUNPATH_SEARCH_PATHS = (
					"$(inherited)",
					"@executable_path/Frameworks",
				);
				PRODUCT_BUNDLE_IDENTIFIER = com.siqueira.MovieDB;
				PRODUCT_NAME = "$(TARGET_NAME)";
				SWIFT_VERSION = 5.0;
				TARGETED_DEVICE_FAMILY = "1,2";
			};
			name = Debug;
		};
		4E14AFED23AC47DC006F973F /* Release */ = {
			isa = XCBuildConfiguration;
			baseConfigurationReference = DA53B9C06F5E06077785158F /* Pods-MovieDB.release.xcconfig */;
			buildSettings = {
				ASSETCATALOG_COMPILER_APPICON_NAME = AppIcon;
				CODE_SIGN_STYLE = Automatic;
				DEVELOPMENT_TEAM = 95JV778GN4;
				INFOPLIST_FILE = MovieDB/Application/Info.plist;
				IPHONEOS_DEPLOYMENT_TARGET = 12.0;
				LD_RUNPATH_SEARCH_PATHS = (
					"$(inherited)",
					"@executable_path/Frameworks",
				);
				PRODUCT_BUNDLE_IDENTIFIER = com.siqueira.MovieDB;
				PRODUCT_NAME = "$(TARGET_NAME)";
				SWIFT_VERSION = 5.0;
				TARGETED_DEVICE_FAMILY = "1,2";
			};
			name = Release;
		};
		4E14AFEF23AC47DC006F973F /* Debug */ = {
			isa = XCBuildConfiguration;
			buildSettings = {
				ALWAYS_EMBED_SWIFT_STANDARD_LIBRARIES = YES;
				BUNDLE_LOADER = "$(TEST_HOST)";
				CODE_SIGN_STYLE = Automatic;
				DEVELOPMENT_TEAM = 95JV778GN4;
				INFOPLIST_FILE = MovieDBTests/Info.plist;
				IPHONEOS_DEPLOYMENT_TARGET = 13.2;
				LD_RUNPATH_SEARCH_PATHS = (
					"$(inherited)",
					"@executable_path/Frameworks",
					"@loader_path/Frameworks",
				);
				PRODUCT_BUNDLE_IDENTIFIER = com.siqueira.MovieDBTests;
				PRODUCT_NAME = "$(TARGET_NAME)";
				SWIFT_VERSION = 5.0;
				TARGETED_DEVICE_FAMILY = "1,2";
				TEST_HOST = "$(BUILT_PRODUCTS_DIR)/MovieDB.app/MovieDB";
			};
			name = Debug;
		};
		4E14AFF023AC47DC006F973F /* Release */ = {
			isa = XCBuildConfiguration;
			buildSettings = {
				ALWAYS_EMBED_SWIFT_STANDARD_LIBRARIES = YES;
				BUNDLE_LOADER = "$(TEST_HOST)";
				CODE_SIGN_STYLE = Automatic;
				DEVELOPMENT_TEAM = 95JV778GN4;
				INFOPLIST_FILE = MovieDBTests/Info.plist;
				IPHONEOS_DEPLOYMENT_TARGET = 13.2;
				LD_RUNPATH_SEARCH_PATHS = (
					"$(inherited)",
					"@executable_path/Frameworks",
					"@loader_path/Frameworks",
				);
				PRODUCT_BUNDLE_IDENTIFIER = com.siqueira.MovieDBTests;
				PRODUCT_NAME = "$(TARGET_NAME)";
				SWIFT_VERSION = 5.0;
				TARGETED_DEVICE_FAMILY = "1,2";
				TEST_HOST = "$(BUILT_PRODUCTS_DIR)/MovieDB.app/MovieDB";
			};
			name = Release;
		};
/* End XCBuildConfiguration section */

/* Begin XCConfigurationList section */
		4E14AFC723AC47DB006F973F /* Build configuration list for PBXProject "MovieDB" */ = {
			isa = XCConfigurationList;
			buildConfigurations = (
				4E14AFE923AC47DC006F973F /* Debug */,
				4E14AFEA23AC47DC006F973F /* Release */,
			);
			defaultConfigurationIsVisible = 0;
			defaultConfigurationName = Release;
		};
		4E14AFEB23AC47DC006F973F /* Build configuration list for PBXNativeTarget "MovieDB" */ = {
			isa = XCConfigurationList;
			buildConfigurations = (
				4E14AFEC23AC47DC006F973F /* Debug */,
				4E14AFED23AC47DC006F973F /* Release */,
			);
			defaultConfigurationIsVisible = 0;
			defaultConfigurationName = Release;
		};
		4E14AFEE23AC47DC006F973F /* Build configuration list for PBXNativeTarget "MovieDBTests" */ = {
			isa = XCConfigurationList;
			buildConfigurations = (
				4E14AFEF23AC47DC006F973F /* Debug */,
				4E14AFF023AC47DC006F973F /* Release */,
			);
			defaultConfigurationIsVisible = 0;
			defaultConfigurationName = Release;
		};
/* End XCConfigurationList section */
	};
	rootObject = 4E14AFC423AC47DB006F973F /* Project object */;
}
